// !$*UTF8*$!
{
	archiveVersion = 1;
	classes = {
	};
	objectVersion = 56;
	objects = {

/* Begin PBXBuildFile section */
		862B97EC2C3306B10074A09D /* StickersViewController.xib in Resources */ = {isa = PBXBuildFile; fileRef = 862B97EB2C3306B10074A09D /* StickersViewController.xib */; };
		862B97ED2C3306B10074A09D /* StickersViewController.swift in Sources */ = {isa = PBXBuildFile; fileRef = 862B97EA2C3306B10074A09D /* StickersViewController.swift */; };
		862B97EF2C3324EA0074A09D /* UIView+Extensions.swift in Sources */ = {isa = PBXBuildFile; fileRef = 862B97EE2C3324EA0074A09D /* UIView+Extensions.swift */; };
		864F32412C19FF95006A62AD /* AppDelegate.swift in Sources */ = {isa = PBXBuildFile; fileRef = 864F32402C19FF95006A62AD /* AppDelegate.swift */; };
		864F32432C19FF95006A62AD /* SceneDelegate.swift in Sources */ = {isa = PBXBuildFile; fileRef = 864F32422C19FF95006A62AD /* SceneDelegate.swift */; };
		864F324A2C19FF96006A62AD /* Assets.xcassets in Resources */ = {isa = PBXBuildFile; fileRef = 864F32492C19FF96006A62AD /* Assets.xcassets */; };
		864F324D2C19FF96006A62AD /* Base in Resources */ = {isa = PBXBuildFile; fileRef = 864F324C2C19FF96006A62AD /* Base */; };
		865845472C2317EF00AAAA27 /* CIImage+Extensions.swift in Sources */ = {isa = PBXBuildFile; fileRef = 865845462C2317EF00AAAA27 /* CIImage+Extensions.swift */; };
		8696EAD52C2B434700B4E7C2 /* UILabel+Extensions.swift in Sources */ = {isa = PBXBuildFile; fileRef = 8696EAD42C2B434700B4E7C2 /* UILabel+Extensions.swift */; };
		86973D342C2166FC00445778 /* HomeViewController.xib in Resources */ = {isa = PBXBuildFile; fileRef = 86973D332C2166FC00445778 /* HomeViewController.xib */; };
		86973D352C2166FC00445778 /* HomeViewController.swift in Sources */ = {isa = PBXBuildFile; fileRef = 86973D322C2166FC00445778 /* HomeViewController.swift */; };
		86973D3A2C2189E000445778 /* EditViewController.xib in Resources */ = {isa = PBXBuildFile; fileRef = 86973D392C2189E000445778 /* EditViewController.xib */; };
		86973D3B2C2189E000445778 /* EditViewController.swift in Sources */ = {isa = PBXBuildFile; fileRef = 86973D382C2189E000445778 /* EditViewController.swift */; };
		86973D3E2C21A52400445778 /* UIImage+Extensions.swift in Sources */ = {isa = PBXBuildFile; fileRef = 86973D3D2C21A52400445778 /* UIImage+Extensions.swift */; };
		86973D412C21A57200445778 /* CGSize+Extensions.swift in Sources */ = {isa = PBXBuildFile; fileRef = 86973D402C21A57200445778 /* CGSize+Extensions.swift */; };
		86AB70B42C2E8B070030E5C2 /* NetworkManager.swift in Sources */ = {isa = PBXBuildFile; fileRef = 86AB70B32C2E8B070030E5C2 /* NetworkManager.swift */; };
		86ADC3642C390BF800FF9849 /* BrushViewController.swift in Sources */ = {isa = PBXBuildFile; fileRef = 86ADC3622C390BF700FF9849 /* BrushViewController.swift */; };
		86ADC3652C390BF800FF9849 /* BrushViewController.xib in Resources */ = {isa = PBXBuildFile; fileRef = 86ADC3632C390BF700FF9849 /* BrushViewController.xib */; };
		86ADC3692C390FB300FF9849 /* BrushCollectionViewCell.swift in Sources */ = {isa = PBXBuildFile; fileRef = 86ADC3672C390FB300FF9849 /* BrushCollectionViewCell.swift */; };
		86ADC36A2C390FB300FF9849 /* BrushCollectionViewCell.xib in Resources */ = {isa = PBXBuildFile; fileRef = 86ADC3682C390FB300FF9849 /* BrushCollectionViewCell.xib */; };
		86ADC36D2C39378000FF9849 /* UIViewController+Extensions.swift in Sources */ = {isa = PBXBuildFile; fileRef = 86ADC36C2C39378000FF9849 /* UIViewController+Extensions.swift */; };
		86ADC3722C39484E00FF9849 /* ShapeCropViewController.swift in Sources */ = {isa = PBXBuildFile; fileRef = 86ADC3702C39484E00FF9849 /* ShapeCropViewController.swift */; };
		86ADC3732C39484E00FF9849 /* ShapeCropViewController.xib in Resources */ = {isa = PBXBuildFile; fileRef = 86ADC3712C39484E00FF9849 /* ShapeCropViewController.xib */; };
		86AFD0FE2C413A2100674A10 /* ImageSaveRetrieveManager.swift in Sources */ = {isa = PBXBuildFile; fileRef = 86AFD0FD2C413A2100674A10 /* ImageSaveRetrieveManager.swift */; };
		86AFD1022C413C9F00674A10 /* UndoRedoModel.swift in Sources */ = {isa = PBXBuildFile; fileRef = 86AFD1012C413C9F00674A10 /* UndoRedoModel.swift */; };
		86AFD2212C41808B00674A10 /* QCropper.aspectratio.fill@2x.png in Resources */ = {isa = PBXBuildFile; fileRef = 86AFD1FD2C41808A00674A10 /* QCropper.aspectratio.fill@2x.png */; };
		86AFD2222C41808B00674A10 /* HelperExtensions.swift in Sources */ = {isa = PBXBuildFile; fileRef = 86AFD1FE2C41808A00674A10 /* HelperExtensions.swift */; };
		86AFD2232C41808B00674A10 /* UIImage+Cropping.swift in Sources */ = {isa = PBXBuildFile; fileRef = 86AFD1FF2C41808A00674A10 /* UIImage+Cropping.swift */; };
		86AFD2242C41808B00674A10 /* UIImage+Helper.swift in Sources */ = {isa = PBXBuildFile; fileRef = 86AFD2002C41808A00674A10 /* UIImage+Helper.swift */; };
		86AFD2252C41808B00674A10 /* UIView+Helper.swift in Sources */ = {isa = PBXBuildFile; fileRef = 86AFD2012C41808A00674A10 /* UIView+Helper.swift */; };
		86AFD2262C41808B00674A10 /* QCropper.aspectratio.fill@3x.png in Resources */ = {isa = PBXBuildFile; fileRef = 86AFD2032C41808A00674A10 /* QCropper.aspectratio.fill@3x.png */; };
		86AFD2272C41808B00674A10 /* QCropper.flip.horizontal.fill@2x.png in Resources */ = {isa = PBXBuildFile; fileRef = 86AFD2042C41808A00674A10 /* QCropper.flip.horizontal.fill@2x.png */; };
		86AFD2282C41808B00674A10 /* QCropper.rotate.right.fill@3x.png in Resources */ = {isa = PBXBuildFile; fileRef = 86AFD2052C41808A00674A10 /* QCropper.rotate.right.fill@3x.png */; };
		86AFD2292C41808B00674A10 /* QCropper.check.mark@3x.png in Resources */ = {isa = PBXBuildFile; fileRef = 86AFD2062C41808B00674A10 /* QCropper.check.mark@3x.png */; };
		86AFD22A2C41808B00674A10 /* CropBox.swift in Sources */ = {isa = PBXBuildFile; fileRef = 86AFD2072C41808B00674A10 /* CropBox.swift */; };
		86AFD22B2C41808B00674A10 /* Grid.swift in Sources */ = {isa = PBXBuildFile; fileRef = 86AFD2082C41808B00674A10 /* Grid.swift */; };
		86AFD22C2C41808B00674A10 /* Overlay.swift in Sources */ = {isa = PBXBuildFile; fileRef = 86AFD2092C41808B00674A10 /* Overlay.swift */; };
		86AFD22D2C41808B00674A10 /* AngleRuler.swift in Sources */ = {isa = PBXBuildFile; fileRef = 86AFD20B2C41808B00674A10 /* AngleRuler.swift */; };
		86AFD22E2C41808B00674A10 /* AspectRatioPicker.swift in Sources */ = {isa = PBXBuildFile; fileRef = 86AFD20C2C41808B00674A10 /* AspectRatioPicker.swift */; };
		86AFD22F2C41808B00674A10 /* Toolbar.swift in Sources */ = {isa = PBXBuildFile; fileRef = 86AFD20D2C41808B00674A10 /* Toolbar.swift */; };
		86AFD2302C41808B00674A10 /* TopBar.swift in Sources */ = {isa = PBXBuildFile; fileRef = 86AFD20E2C41808B00674A10 /* TopBar.swift */; };
		86AFD2312C41808B00674A10 /* AngleAssist.swift in Sources */ = {isa = PBXBuildFile; fileRef = 86AFD2102C41808B00674A10 /* AngleAssist.swift */; };
		86AFD2322C41808B00674A10 /* AspectRatioSettable.swift in Sources */ = {isa = PBXBuildFile; fileRef = 86AFD2112C41808B00674A10 /* AspectRatioSettable.swift */; };
		86AFD2332C41808B00674A10 /* CropBoxEdgeDraggable.swift in Sources */ = {isa = PBXBuildFile; fileRef = 86AFD2122C41808B00674A10 /* CropBoxEdgeDraggable.swift */; };
		86AFD2342C41808B00674A10 /* Flipable.swift in Sources */ = {isa = PBXBuildFile; fileRef = 86AFD2132C41808B00674A10 /* Flipable.swift */; };
		86AFD2352C41808B00674A10 /* Rotatable.swift in Sources */ = {isa = PBXBuildFile; fileRef = 86AFD2142C41808B00674A10 /* Rotatable.swift */; };
		86AFD2362C41808B00674A10 /* Stasisable.swift in Sources */ = {isa = PBXBuildFile; fileRef = 86AFD2152C41808B00674A10 /* Stasisable.swift */; };
		86AFD2372C41808B00674A10 /* StateRestorable.swift in Sources */ = {isa = PBXBuildFile; fileRef = 86AFD2162C41808B00674A10 /* StateRestorable.swift */; };
		86AFD2382C41808B00674A10 /* AspectRatio.swift in Sources */ = {isa = PBXBuildFile; fileRef = 86AFD2182C41808B00674A10 /* AspectRatio.swift */; };
		86AFD2392C41808B00674A10 /* Config.swift in Sources */ = {isa = PBXBuildFile; fileRef = 86AFD2192C41808B00674A10 /* Config.swift */; };
		86AFD23A2C41808B00674A10 /* CropperState.swift in Sources */ = {isa = PBXBuildFile; fileRef = 86AFD21A2C41808B00674A10 /* CropperState.swift */; };
		86AFD23B2C41808B00674A10 /* CropperViewController.swift in Sources */ = {isa = PBXBuildFile; fileRef = 86AFD21B2C41808B00674A10 /* CropperViewController.swift */; };
		86AFD23C2C41808B00674A10 /* ScrollViewContainer.swift in Sources */ = {isa = PBXBuildFile; fileRef = 86AFD21C2C41808B00674A10 /* ScrollViewContainer.swift */; };
		86AFD23D2C41808B00674A10 /* QCropper.check.mark@2x.png in Resources */ = {isa = PBXBuildFile; fileRef = 86AFD21E2C41808B00674A10 /* QCropper.check.mark@2x.png */; };
		86AFD23E2C41808B00674A10 /* QCropper.rotate.right.fill@2x.png in Resources */ = {isa = PBXBuildFile; fileRef = 86AFD21F2C41808B00674A10 /* QCropper.rotate.right.fill@2x.png */; };
		86AFD23F2C41808B00674A10 /* QCropper.flip.horizontal.fill@3x.png in Resources */ = {isa = PBXBuildFile; fileRef = 86AFD2202C41808B00674A10 /* QCropper.flip.horizontal.fill@3x.png */; };
		86BB93F42C31AFE400D92A7D /* FilterManager.swift in Sources */ = {isa = PBXBuildFile; fileRef = 86BB93F32C31AFE400D92A7D /* FilterManager.swift */; };
		86BB93F92C31B4A700D92A7D /* ImageEditViewController.xib in Resources */ = {isa = PBXBuildFile; fileRef = 86BB93F82C31B4A700D92A7D /* ImageEditViewController.xib */; };
		86BB93FA2C31B4A700D92A7D /* ImageEditViewController.swift in Sources */ = {isa = PBXBuildFile; fileRef = 86BB93F72C31B4A700D92A7D /* ImageEditViewController.swift */; };
		86C14DAE2C3868E200B506D2 /* BGRemoveViewController.xib in Resources */ = {isa = PBXBuildFile; fileRef = 86C14DAD2C3868E200B506D2 /* BGRemoveViewController.xib */; };
		86C14DAF2C3868E200B506D2 /* BGRemoveViewController.swift in Sources */ = {isa = PBXBuildFile; fileRef = 86C14DAC2C3868E200B506D2 /* BGRemoveViewController.swift */; };
		86C14DB12C38717900B506D2 /* AppleBgRemover.swift in Sources */ = {isa = PBXBuildFile; fileRef = 86C14DB02C38717900B506D2 /* AppleBgRemover.swift */; };
		86C14DB72C38784C00B506D2 /* EraseViewController.xib in Resources */ = {isa = PBXBuildFile; fileRef = 86C14DB62C38784C00B506D2 /* EraseViewController.xib */; };
		86C14DB82C38784C00B506D2 /* EraseViewController.swift in Sources */ = {isa = PBXBuildFile; fileRef = 86C14DB52C38784C00B506D2 /* EraseViewController.swift */; };
		86C14DBA2C388B8300B506D2 /* PathModel.swift in Sources */ = {isa = PBXBuildFile; fileRef = 86C14DB92C388B8300B506D2 /* PathModel.swift */; };
		86C662942C29C1FC00E2F04D /* TextInputViewController.swift in Sources */ = {isa = PBXBuildFile; fileRef = 86C662922C29C1FC00E2F04D /* TextInputViewController.swift */; };
		86C662952C29C1FC00E2F04D /* TextInputViewController.xib in Resources */ = {isa = PBXBuildFile; fileRef = 86C662932C29C1FC00E2F04D /* TextInputViewController.xib */; };
		86C662A42C29C72200E2F04D /* TextFeatureCollectionViewCell.swift in Sources */ = {isa = PBXBuildFile; fileRef = 86C662A22C29C72200E2F04D /* TextFeatureCollectionViewCell.swift */; };
		86C662A52C29C72200E2F04D /* TextFeatureCollectionViewCell.xib in Resources */ = {isa = PBXBuildFile; fileRef = 86C662A32C29C72200E2F04D /* TextFeatureCollectionViewCell.xib */; };
		86C662A82C29C84100E2F04D /* ColorCollectionViewCell.swift in Sources */ = {isa = PBXBuildFile; fileRef = 86C662A62C29C84100E2F04D /* ColorCollectionViewCell.swift */; };
		86C662A92C29C84100E2F04D /* ColorCollectionViewCell.xib in Resources */ = {isa = PBXBuildFile; fileRef = 86C662A72C29C84100E2F04D /* ColorCollectionViewCell.xib */; };
		86C662AC2C29DCD000E2F04D /* FontsCollectionViewCell.swift in Sources */ = {isa = PBXBuildFile; fileRef = 86C662AA2C29DCD000E2F04D /* FontsCollectionViewCell.swift */; };
		86C662AD2C29DCD000E2F04D /* FontsCollectionViewCell.xib in Resources */ = {isa = PBXBuildFile; fileRef = 86C662AB2C29DCD000E2F04D /* FontsCollectionViewCell.xib */; };
		86C662B12C29DF9900E2F04D /* AnimCollectionViewCell.swift in Sources */ = {isa = PBXBuildFile; fileRef = 86C662AF2C29DF9900E2F04D /* AnimCollectionViewCell.swift */; };
		86C662B22C29DF9900E2F04D /* AnimCollectionViewCell.xib in Resources */ = {isa = PBXBuildFile; fileRef = 86C662B02C29DF9900E2F04D /* AnimCollectionViewCell.xib */; };
		86C662B92C29F0D500E2F04D /* CustomTextLabel.swift in Sources */ = {isa = PBXBuildFile; fileRef = 86C662B82C29F0D500E2F04D /* CustomTextLabel.swift */; };
		86C775172C240F3D003A58F8 /* IntermediateViewController.swift in Sources */ = {isa = PBXBuildFile; fileRef = 86C775152C240F3D003A58F8 /* IntermediateViewController.swift */; };
		86C775182C240F3D003A58F8 /* IntermediateViewController.xib in Resources */ = {isa = PBXBuildFile; fileRef = 86C775162C240F3D003A58F8 /* IntermediateViewController.xib */; };
		86C7751B2C241107003A58F8 /* CornerPointView.swift in Sources */ = {isa = PBXBuildFile; fileRef = 86C7751A2C241107003A58F8 /* CornerPointView.swift */; };
		86C7751D2C241210003A58F8 /* ARImageCropper.swift in Sources */ = {isa = PBXBuildFile; fileRef = 86C7751C2C241210003A58F8 /* ARImageCropper.swift */; };
		86CBCBF92C3C31B000805DF2 /* BlurViewController.xib in Resources */ = {isa = PBXBuildFile; fileRef = 86CBCBF82C3C31B000805DF2 /* BlurViewController.xib */; };
		86CBCBFA2C3C31B000805DF2 /* BlurViewController.swift in Sources */ = {isa = PBXBuildFile; fileRef = 86CBCBF72C3C31B000805DF2 /* BlurViewController.swift */; };
		86CD4B172C2DF1BB001C4AFD /* Double+Extensions.swift in Sources */ = {isa = PBXBuildFile; fileRef = 86CD4B162C2DF1BB001C4AFD /* Double+Extensions.swift */; };
		86CD4B1F2C2DFF9A001C4AFD /* AssetModel.swift in Sources */ = {isa = PBXBuildFile; fileRef = 86CD4B192C2DFF9A001C4AFD /* AssetModel.swift */; };
		86CD4B202C2DFF9A001C4AFD /* Cache.swift in Sources */ = {isa = PBXBuildFile; fileRef = 86CD4B1A2C2DFF9A001C4AFD /* Cache.swift */; };
		86CD4B212C2DFF9A001C4AFD /* ModelStore.swift in Sources */ = {isa = PBXBuildFile; fileRef = 86CD4B1B2C2DFF9A001C4AFD /* ModelStore.swift */; };
		86CD4B222C2DFF9A001C4AFD /* Query.swift in Sources */ = {isa = PBXBuildFile; fileRef = 86CD4B1C2C2DFF9A001C4AFD /* Query.swift */; };
		86CD4B232C2DFF9A001C4AFD /* RESTNetworkRequest.swift in Sources */ = {isa = PBXBuildFile; fileRef = 86CD4B1D2C2DFF9A001C4AFD /* RESTNetworkRequest.swift */; };
		86CD4B252C2DFFAD001C4AFD /* SearchAdaptor.swift in Sources */ = {isa = PBXBuildFile; fileRef = 86CD4B242C2DFFAD001C4AFD /* SearchAdaptor.swift */; };
		86CD4B292C2DFFB5001C4AFD /* GifCollectionViewCell.swift in Sources */ = {isa = PBXBuildFile; fileRef = 86CD4B262C2DFFB5001C4AFD /* GifCollectionViewCell.swift */; };
		86CD4B2A2C2DFFB5001C4AFD /* GifCollectionViewCell.xib in Resources */ = {isa = PBXBuildFile; fileRef = 86CD4B272C2DFFB5001C4AFD /* GifCollectionViewCell.xib */; };
		86EDC9002C308F9C00E68835 /* CGPoint+Extensions.swift in Sources */ = {isa = PBXBuildFile; fileRef = 86EDC8FF2C308F9C00E68835 /* CGPoint+Extensions.swift */; };
		86F7C3172C2C683A00684B5B /* GifViewController.swift in Sources */ = {isa = PBXBuildFile; fileRef = 86F7C3152C2C683A00684B5B /* GifViewController.swift */; };
		86F7C3182C2C683A00684B5B /* GifViewController.xib in Resources */ = {isa = PBXBuildFile; fileRef = 86F7C3162C2C683A00684B5B /* GifViewController.xib */; };
		86F7C31C2C2C8E2800684B5B /* frameCollectionViewCell.swift in Sources */ = {isa = PBXBuildFile; fileRef = 86F7C31A2C2C8E2800684B5B /* frameCollectionViewCell.swift */; };
		86F7C31D2C2C8E2800684B5B /* frameCollectionViewCell.xib in Resources */ = {isa = PBXBuildFile; fileRef = 86F7C31B2C2C8E2800684B5B /* frameCollectionViewCell.xib */; };
		B07A912904B390BDA36C24BD /* Pods_StickerApp.framework in Frameworks */ = {isa = PBXBuildFile; fileRef = 8726EA923A62B4962A29B738 /* Pods_StickerApp.framework */; };
/* End PBXBuildFile section */

/* Begin PBXFileReference section */
		1934617C2AFE5701CAD807E7 /* Pods-StickerApp.release.xcconfig */ = {isa = PBXFileReference; includeInIndex = 1; lastKnownFileType = text.xcconfig; name = "Pods-StickerApp.release.xcconfig"; path = "Target Support Files/Pods-StickerApp/Pods-StickerApp.release.xcconfig"; sourceTree = "<group>"; };
		838C76827727D296B6A94792 /* Pods-StickerApp.debug.xcconfig */ = {isa = PBXFileReference; includeInIndex = 1; lastKnownFileType = text.xcconfig; name = "Pods-StickerApp.debug.xcconfig"; path = "Target Support Files/Pods-StickerApp/Pods-StickerApp.debug.xcconfig"; sourceTree = "<group>"; };
		862B97EA2C3306B10074A09D /* StickersViewController.swift */ = {isa = PBXFileReference; lastKnownFileType = sourcecode.swift; path = StickersViewController.swift; sourceTree = "<group>"; };
		862B97EB2C3306B10074A09D /* StickersViewController.xib */ = {isa = PBXFileReference; lastKnownFileType = file.xib; path = StickersViewController.xib; sourceTree = "<group>"; };
		862B97EE2C3324EA0074A09D /* UIView+Extensions.swift */ = {isa = PBXFileReference; lastKnownFileType = sourcecode.swift; path = "UIView+Extensions.swift"; sourceTree = "<group>"; };
		864F323D2C19FF95006A62AD /* StickerApp.app */ = {isa = PBXFileReference; explicitFileType = wrapper.application; includeInIndex = 0; path = StickerApp.app; sourceTree = BUILT_PRODUCTS_DIR; };
		864F32402C19FF95006A62AD /* AppDelegate.swift */ = {isa = PBXFileReference; lastKnownFileType = sourcecode.swift; path = AppDelegate.swift; sourceTree = "<group>"; };
		864F32422C19FF95006A62AD /* SceneDelegate.swift */ = {isa = PBXFileReference; lastKnownFileType = sourcecode.swift; path = SceneDelegate.swift; sourceTree = "<group>"; };
		864F32492C19FF96006A62AD /* Assets.xcassets */ = {isa = PBXFileReference; lastKnownFileType = folder.assetcatalog; path = Assets.xcassets; sourceTree = "<group>"; };
		864F324C2C19FF96006A62AD /* Base */ = {isa = PBXFileReference; lastKnownFileType = file.storyboard; name = Base; path = Base.lproj/LaunchScreen.storyboard; sourceTree = "<group>"; };
		864F324E2C19FF96006A62AD /* Info.plist */ = {isa = PBXFileReference; lastKnownFileType = text.plist.xml; path = Info.plist; sourceTree = "<group>"; };
		865845462C2317EF00AAAA27 /* CIImage+Extensions.swift */ = {isa = PBXFileReference; lastKnownFileType = sourcecode.swift; path = "CIImage+Extensions.swift"; sourceTree = "<group>"; };
		8696EAD42C2B434700B4E7C2 /* UILabel+Extensions.swift */ = {isa = PBXFileReference; lastKnownFileType = sourcecode.swift; path = "UILabel+Extensions.swift"; sourceTree = "<group>"; };
		86973D322C2166FC00445778 /* HomeViewController.swift */ = {isa = PBXFileReference; lastKnownFileType = sourcecode.swift; path = HomeViewController.swift; sourceTree = "<group>"; };
		86973D332C2166FC00445778 /* HomeViewController.xib */ = {isa = PBXFileReference; lastKnownFileType = file.xib; path = HomeViewController.xib; sourceTree = "<group>"; };
		86973D382C2189E000445778 /* EditViewController.swift */ = {isa = PBXFileReference; lastKnownFileType = sourcecode.swift; path = EditViewController.swift; sourceTree = "<group>"; };
		86973D392C2189E000445778 /* EditViewController.xib */ = {isa = PBXFileReference; lastKnownFileType = file.xib; path = EditViewController.xib; sourceTree = "<group>"; };
		86973D3D2C21A52400445778 /* UIImage+Extensions.swift */ = {isa = PBXFileReference; lastKnownFileType = sourcecode.swift; path = "UIImage+Extensions.swift"; sourceTree = "<group>"; };
		86973D402C21A57200445778 /* CGSize+Extensions.swift */ = {isa = PBXFileReference; lastKnownFileType = sourcecode.swift; path = "CGSize+Extensions.swift"; sourceTree = "<group>"; };
		86AB70B32C2E8B070030E5C2 /* NetworkManager.swift */ = {isa = PBXFileReference; lastKnownFileType = sourcecode.swift; path = NetworkManager.swift; sourceTree = "<group>"; };
		86ADC3622C390BF700FF9849 /* BrushViewController.swift */ = {isa = PBXFileReference; lastKnownFileType = sourcecode.swift; path = BrushViewController.swift; sourceTree = "<group>"; };
		86ADC3632C390BF700FF9849 /* BrushViewController.xib */ = {isa = PBXFileReference; lastKnownFileType = file.xib; path = BrushViewController.xib; sourceTree = "<group>"; };
		86ADC3672C390FB300FF9849 /* BrushCollectionViewCell.swift */ = {isa = PBXFileReference; lastKnownFileType = sourcecode.swift; path = BrushCollectionViewCell.swift; sourceTree = "<group>"; };
		86ADC3682C390FB300FF9849 /* BrushCollectionViewCell.xib */ = {isa = PBXFileReference; lastKnownFileType = file.xib; path = BrushCollectionViewCell.xib; sourceTree = "<group>"; };
		86ADC36C2C39378000FF9849 /* UIViewController+Extensions.swift */ = {isa = PBXFileReference; lastKnownFileType = sourcecode.swift; path = "UIViewController+Extensions.swift"; sourceTree = "<group>"; };
		86ADC3702C39484E00FF9849 /* ShapeCropViewController.swift */ = {isa = PBXFileReference; lastKnownFileType = sourcecode.swift; path = ShapeCropViewController.swift; sourceTree = "<group>"; };
		86ADC3712C39484E00FF9849 /* ShapeCropViewController.xib */ = {isa = PBXFileReference; lastKnownFileType = file.xib; path = ShapeCropViewController.xib; sourceTree = "<group>"; };
		86AFD0FD2C413A2100674A10 /* ImageSaveRetrieveManager.swift */ = {isa = PBXFileReference; lastKnownFileType = sourcecode.swift; path = ImageSaveRetrieveManager.swift; sourceTree = "<group>"; };
		86AFD1012C413C9F00674A10 /* UndoRedoModel.swift */ = {isa = PBXFileReference; lastKnownFileType = sourcecode.swift; path = UndoRedoModel.swift; sourceTree = "<group>"; };
		86AFD1FD2C41808A00674A10 /* QCropper.aspectratio.fill@2x.png */ = {isa = PBXFileReference; lastKnownFileType = image.png; path = "QCropper.aspectratio.fill@2x.png"; sourceTree = "<group>"; };
		86AFD1FE2C41808A00674A10 /* HelperExtensions.swift */ = {isa = PBXFileReference; fileEncoding = 4; lastKnownFileType = sourcecode.swift; path = HelperExtensions.swift; sourceTree = "<group>"; };
		86AFD1FF2C41808A00674A10 /* UIImage+Cropping.swift */ = {isa = PBXFileReference; fileEncoding = 4; lastKnownFileType = sourcecode.swift; path = "UIImage+Cropping.swift"; sourceTree = "<group>"; };
		86AFD2002C41808A00674A10 /* UIImage+Helper.swift */ = {isa = PBXFileReference; fileEncoding = 4; lastKnownFileType = sourcecode.swift; path = "UIImage+Helper.swift"; sourceTree = "<group>"; };
		86AFD2012C41808A00674A10 /* UIView+Helper.swift */ = {isa = PBXFileReference; fileEncoding = 4; lastKnownFileType = sourcecode.swift; path = "UIView+Helper.swift"; sourceTree = "<group>"; };
		86AFD2032C41808A00674A10 /* QCropper.aspectratio.fill@3x.png */ = {isa = PBXFileReference; lastKnownFileType = image.png; path = "QCropper.aspectratio.fill@3x.png"; sourceTree = "<group>"; };
		86AFD2042C41808A00674A10 /* QCropper.flip.horizontal.fill@2x.png */ = {isa = PBXFileReference; lastKnownFileType = image.png; path = "QCropper.flip.horizontal.fill@2x.png"; sourceTree = "<group>"; };
		86AFD2052C41808A00674A10 /* QCropper.rotate.right.fill@3x.png */ = {isa = PBXFileReference; lastKnownFileType = image.png; path = "QCropper.rotate.right.fill@3x.png"; sourceTree = "<group>"; };
		86AFD2062C41808B00674A10 /* QCropper.check.mark@3x.png */ = {isa = PBXFileReference; lastKnownFileType = image.png; path = "QCropper.check.mark@3x.png"; sourceTree = "<group>"; };
		86AFD2072C41808B00674A10 /* CropBox.swift */ = {isa = PBXFileReference; fileEncoding = 4; lastKnownFileType = sourcecode.swift; path = CropBox.swift; sourceTree = "<group>"; };
		86AFD2082C41808B00674A10 /* Grid.swift */ = {isa = PBXFileReference; fileEncoding = 4; lastKnownFileType = sourcecode.swift; path = Grid.swift; sourceTree = "<group>"; };
		86AFD2092C41808B00674A10 /* Overlay.swift */ = {isa = PBXFileReference; fileEncoding = 4; lastKnownFileType = sourcecode.swift; path = Overlay.swift; sourceTree = "<group>"; };
		86AFD20B2C41808B00674A10 /* AngleRuler.swift */ = {isa = PBXFileReference; fileEncoding = 4; lastKnownFileType = sourcecode.swift; path = AngleRuler.swift; sourceTree = "<group>"; };
		86AFD20C2C41808B00674A10 /* AspectRatioPicker.swift */ = {isa = PBXFileReference; fileEncoding = 4; lastKnownFileType = sourcecode.swift; path = AspectRatioPicker.swift; sourceTree = "<group>"; };
		86AFD20D2C41808B00674A10 /* Toolbar.swift */ = {isa = PBXFileReference; fileEncoding = 4; lastKnownFileType = sourcecode.swift; path = Toolbar.swift; sourceTree = "<group>"; };
		86AFD20E2C41808B00674A10 /* TopBar.swift */ = {isa = PBXFileReference; fileEncoding = 4; lastKnownFileType = sourcecode.swift; path = TopBar.swift; sourceTree = "<group>"; };
		86AFD2102C41808B00674A10 /* AngleAssist.swift */ = {isa = PBXFileReference; fileEncoding = 4; lastKnownFileType = sourcecode.swift; path = AngleAssist.swift; sourceTree = "<group>"; };
		86AFD2112C41808B00674A10 /* AspectRatioSettable.swift */ = {isa = PBXFileReference; fileEncoding = 4; lastKnownFileType = sourcecode.swift; path = AspectRatioSettable.swift; sourceTree = "<group>"; };
		86AFD2122C41808B00674A10 /* CropBoxEdgeDraggable.swift */ = {isa = PBXFileReference; fileEncoding = 4; lastKnownFileType = sourcecode.swift; path = CropBoxEdgeDraggable.swift; sourceTree = "<group>"; };
		86AFD2132C41808B00674A10 /* Flipable.swift */ = {isa = PBXFileReference; fileEncoding = 4; lastKnownFileType = sourcecode.swift; path = Flipable.swift; sourceTree = "<group>"; };
		86AFD2142C41808B00674A10 /* Rotatable.swift */ = {isa = PBXFileReference; fileEncoding = 4; lastKnownFileType = sourcecode.swift; path = Rotatable.swift; sourceTree = "<group>"; };
		86AFD2152C41808B00674A10 /* Stasisable.swift */ = {isa = PBXFileReference; fileEncoding = 4; lastKnownFileType = sourcecode.swift; path = Stasisable.swift; sourceTree = "<group>"; };
		86AFD2162C41808B00674A10 /* StateRestorable.swift */ = {isa = PBXFileReference; fileEncoding = 4; lastKnownFileType = sourcecode.swift; path = StateRestorable.swift; sourceTree = "<group>"; };
		86AFD2182C41808B00674A10 /* AspectRatio.swift */ = {isa = PBXFileReference; fileEncoding = 4; lastKnownFileType = sourcecode.swift; path = AspectRatio.swift; sourceTree = "<group>"; };
		86AFD2192C41808B00674A10 /* Config.swift */ = {isa = PBXFileReference; fileEncoding = 4; lastKnownFileType = sourcecode.swift; path = Config.swift; sourceTree = "<group>"; };
		86AFD21A2C41808B00674A10 /* CropperState.swift */ = {isa = PBXFileReference; fileEncoding = 4; lastKnownFileType = sourcecode.swift; path = CropperState.swift; sourceTree = "<group>"; };
		86AFD21B2C41808B00674A10 /* CropperViewController.swift */ = {isa = PBXFileReference; fileEncoding = 4; lastKnownFileType = sourcecode.swift; path = CropperViewController.swift; sourceTree = "<group>"; };
		86AFD21C2C41808B00674A10 /* ScrollViewContainer.swift */ = {isa = PBXFileReference; fileEncoding = 4; lastKnownFileType = sourcecode.swift; path = ScrollViewContainer.swift; sourceTree = "<group>"; };
		86AFD21E2C41808B00674A10 /* QCropper.check.mark@2x.png */ = {isa = PBXFileReference; lastKnownFileType = image.png; path = "QCropper.check.mark@2x.png"; sourceTree = "<group>"; };
		86AFD21F2C41808B00674A10 /* QCropper.rotate.right.fill@2x.png */ = {isa = PBXFileReference; lastKnownFileType = image.png; path = "QCropper.rotate.right.fill@2x.png"; sourceTree = "<group>"; };
		86AFD2202C41808B00674A10 /* QCropper.flip.horizontal.fill@3x.png */ = {isa = PBXFileReference; lastKnownFileType = image.png; path = "QCropper.flip.horizontal.fill@3x.png"; sourceTree = "<group>"; };
		86BB93F32C31AFE400D92A7D /* FilterManager.swift */ = {isa = PBXFileReference; lastKnownFileType = sourcecode.swift; path = FilterManager.swift; sourceTree = "<group>"; };
		86BB93F72C31B4A700D92A7D /* ImageEditViewController.swift */ = {isa = PBXFileReference; lastKnownFileType = sourcecode.swift; path = ImageEditViewController.swift; sourceTree = "<group>"; };
		86BB93F82C31B4A700D92A7D /* ImageEditViewController.xib */ = {isa = PBXFileReference; lastKnownFileType = file.xib; path = ImageEditViewController.xib; sourceTree = "<group>"; };
		86C14DAC2C3868E200B506D2 /* BGRemoveViewController.swift */ = {isa = PBXFileReference; lastKnownFileType = sourcecode.swift; path = BGRemoveViewController.swift; sourceTree = "<group>"; };
		86C14DAD2C3868E200B506D2 /* BGRemoveViewController.xib */ = {isa = PBXFileReference; lastKnownFileType = file.xib; path = BGRemoveViewController.xib; sourceTree = "<group>"; };
		86C14DB02C38717900B506D2 /* AppleBgRemover.swift */ = {isa = PBXFileReference; fileEncoding = 4; lastKnownFileType = sourcecode.swift; path = AppleBgRemover.swift; sourceTree = "<group>"; };
		86C14DB52C38784C00B506D2 /* EraseViewController.swift */ = {isa = PBXFileReference; lastKnownFileType = sourcecode.swift; path = EraseViewController.swift; sourceTree = "<group>"; };
		86C14DB62C38784C00B506D2 /* EraseViewController.xib */ = {isa = PBXFileReference; lastKnownFileType = file.xib; path = EraseViewController.xib; sourceTree = "<group>"; };
		86C14DB92C388B8300B506D2 /* PathModel.swift */ = {isa = PBXFileReference; fileEncoding = 4; lastKnownFileType = sourcecode.swift; path = PathModel.swift; sourceTree = "<group>"; };
		86C662922C29C1FC00E2F04D /* TextInputViewController.swift */ = {isa = PBXFileReference; lastKnownFileType = sourcecode.swift; path = TextInputViewController.swift; sourceTree = "<group>"; };
		86C662932C29C1FC00E2F04D /* TextInputViewController.xib */ = {isa = PBXFileReference; lastKnownFileType = file.xib; path = TextInputViewController.xib; sourceTree = "<group>"; };
		86C662A22C29C72200E2F04D /* TextFeatureCollectionViewCell.swift */ = {isa = PBXFileReference; lastKnownFileType = sourcecode.swift; path = TextFeatureCollectionViewCell.swift; sourceTree = "<group>"; };
		86C662A32C29C72200E2F04D /* TextFeatureCollectionViewCell.xib */ = {isa = PBXFileReference; lastKnownFileType = file.xib; path = TextFeatureCollectionViewCell.xib; sourceTree = "<group>"; };
		86C662A62C29C84100E2F04D /* ColorCollectionViewCell.swift */ = {isa = PBXFileReference; lastKnownFileType = sourcecode.swift; path = ColorCollectionViewCell.swift; sourceTree = "<group>"; };
		86C662A72C29C84100E2F04D /* ColorCollectionViewCell.xib */ = {isa = PBXFileReference; lastKnownFileType = file.xib; path = ColorCollectionViewCell.xib; sourceTree = "<group>"; };
		86C662AA2C29DCD000E2F04D /* FontsCollectionViewCell.swift */ = {isa = PBXFileReference; lastKnownFileType = sourcecode.swift; path = FontsCollectionViewCell.swift; sourceTree = "<group>"; };
		86C662AB2C29DCD000E2F04D /* FontsCollectionViewCell.xib */ = {isa = PBXFileReference; lastKnownFileType = file.xib; path = FontsCollectionViewCell.xib; sourceTree = "<group>"; };
		86C662AF2C29DF9900E2F04D /* AnimCollectionViewCell.swift */ = {isa = PBXFileReference; lastKnownFileType = sourcecode.swift; path = AnimCollectionViewCell.swift; sourceTree = "<group>"; };
		86C662B02C29DF9900E2F04D /* AnimCollectionViewCell.xib */ = {isa = PBXFileReference; lastKnownFileType = file.xib; path = AnimCollectionViewCell.xib; sourceTree = "<group>"; };
		86C662B82C29F0D500E2F04D /* CustomTextLabel.swift */ = {isa = PBXFileReference; lastKnownFileType = sourcecode.swift; path = CustomTextLabel.swift; sourceTree = "<group>"; };
		86C775152C240F3D003A58F8 /* IntermediateViewController.swift */ = {isa = PBXFileReference; lastKnownFileType = sourcecode.swift; path = IntermediateViewController.swift; sourceTree = "<group>"; };
		86C775162C240F3D003A58F8 /* IntermediateViewController.xib */ = {isa = PBXFileReference; lastKnownFileType = file.xib; path = IntermediateViewController.xib; sourceTree = "<group>"; };
		86C7751A2C241107003A58F8 /* CornerPointView.swift */ = {isa = PBXFileReference; fileEncoding = 4; lastKnownFileType = sourcecode.swift; path = CornerPointView.swift; sourceTree = "<group>"; };
		86C7751C2C241210003A58F8 /* ARImageCropper.swift */ = {isa = PBXFileReference; fileEncoding = 4; lastKnownFileType = sourcecode.swift; path = ARImageCropper.swift; sourceTree = "<group>"; };
		86CBCBF72C3C31B000805DF2 /* BlurViewController.swift */ = {isa = PBXFileReference; lastKnownFileType = sourcecode.swift; path = BlurViewController.swift; sourceTree = "<group>"; };
		86CBCBF82C3C31B000805DF2 /* BlurViewController.xib */ = {isa = PBXFileReference; lastKnownFileType = file.xib; path = BlurViewController.xib; sourceTree = "<group>"; };
		86CD4B162C2DF1BB001C4AFD /* Double+Extensions.swift */ = {isa = PBXFileReference; lastKnownFileType = sourcecode.swift; path = "Double+Extensions.swift"; sourceTree = "<group>"; };
		86CD4B192C2DFF9A001C4AFD /* AssetModel.swift */ = {isa = PBXFileReference; fileEncoding = 4; lastKnownFileType = sourcecode.swift; path = AssetModel.swift; sourceTree = "<group>"; };
		86CD4B1A2C2DFF9A001C4AFD /* Cache.swift */ = {isa = PBXFileReference; fileEncoding = 4; lastKnownFileType = sourcecode.swift; path = Cache.swift; sourceTree = "<group>"; };
		86CD4B1B2C2DFF9A001C4AFD /* ModelStore.swift */ = {isa = PBXFileReference; fileEncoding = 4; lastKnownFileType = sourcecode.swift; path = ModelStore.swift; sourceTree = "<group>"; };
		86CD4B1C2C2DFF9A001C4AFD /* Query.swift */ = {isa = PBXFileReference; fileEncoding = 4; lastKnownFileType = sourcecode.swift; path = Query.swift; sourceTree = "<group>"; };
		86CD4B1D2C2DFF9A001C4AFD /* RESTNetworkRequest.swift */ = {isa = PBXFileReference; fileEncoding = 4; lastKnownFileType = sourcecode.swift; path = RESTNetworkRequest.swift; sourceTree = "<group>"; };
		86CD4B242C2DFFAD001C4AFD /* SearchAdaptor.swift */ = {isa = PBXFileReference; fileEncoding = 4; lastKnownFileType = sourcecode.swift; path = SearchAdaptor.swift; sourceTree = "<group>"; };
		86CD4B262C2DFFB5001C4AFD /* GifCollectionViewCell.swift */ = {isa = PBXFileReference; fileEncoding = 4; lastKnownFileType = sourcecode.swift; path = GifCollectionViewCell.swift; sourceTree = "<group>"; };
		86CD4B272C2DFFB5001C4AFD /* GifCollectionViewCell.xib */ = {isa = PBXFileReference; fileEncoding = 4; lastKnownFileType = file.xib; path = GifCollectionViewCell.xib; sourceTree = "<group>"; };
		86EDC8FF2C308F9C00E68835 /* CGPoint+Extensions.swift */ = {isa = PBXFileReference; lastKnownFileType = sourcecode.swift; path = "CGPoint+Extensions.swift"; sourceTree = "<group>"; };
		86F7C3152C2C683A00684B5B /* GifViewController.swift */ = {isa = PBXFileReference; lastKnownFileType = sourcecode.swift; path = GifViewController.swift; sourceTree = "<group>"; };
		86F7C3162C2C683A00684B5B /* GifViewController.xib */ = {isa = PBXFileReference; lastKnownFileType = file.xib; path = GifViewController.xib; sourceTree = "<group>"; };
		86F7C31A2C2C8E2800684B5B /* frameCollectionViewCell.swift */ = {isa = PBXFileReference; lastKnownFileType = sourcecode.swift; path = frameCollectionViewCell.swift; sourceTree = "<group>"; };
		86F7C31B2C2C8E2800684B5B /* frameCollectionViewCell.xib */ = {isa = PBXFileReference; lastKnownFileType = file.xib; path = frameCollectionViewCell.xib; sourceTree = "<group>"; };
		8726EA923A62B4962A29B738 /* Pods_StickerApp.framework */ = {isa = PBXFileReference; explicitFileType = wrapper.framework; includeInIndex = 0; path = Pods_StickerApp.framework; sourceTree = BUILT_PRODUCTS_DIR; };
/* End PBXFileReference section */

/* Begin PBXFrameworksBuildPhase section */
		864F323A2C19FF95006A62AD /* Frameworks */ = {
			isa = PBXFrameworksBuildPhase;
			buildActionMask = 2147483647;
			files = (
				B07A912904B390BDA36C24BD /* Pods_StickerApp.framework in Frameworks */,
			);
			runOnlyForDeploymentPostprocessing = 0;
		};
/* End PBXFrameworksBuildPhase section */

/* Begin PBXGroup section */
		33DC3AF2220D0DECFA0ACC39 /* Frameworks */ = {
			isa = PBXGroup;
			children = (
				8726EA923A62B4962A29B738 /* Pods_StickerApp.framework */,
			);
			name = Frameworks;
			sourceTree = "<group>";
		};
		862B97E92C3306960074A09D /* StickerPage */ = {
			isa = PBXGroup;
			children = (
				862B97EA2C3306B10074A09D /* StickersViewController.swift */,
				862B97EB2C3306B10074A09D /* StickersViewController.xib */,
			);
			path = StickerPage;
			sourceTree = "<group>";
		};
		864F32342C19FF95006A62AD = {
			isa = PBXGroup;
			children = (
				864F323F2C19FF95006A62AD /* StickerApp */,
				864F323E2C19FF95006A62AD /* Products */,
				8CFB2F9018B2F8428509C9A4 /* Pods */,
				33DC3AF2220D0DECFA0ACC39 /* Frameworks */,
			);
			sourceTree = "<group>";
		};
		864F323E2C19FF95006A62AD /* Products */ = {
			isa = PBXGroup;
			children = (
				864F323D2C19FF95006A62AD /* StickerApp.app */,
			);
			name = Products;
			sourceTree = "<group>";
		};
		864F323F2C19FF95006A62AD /* StickerApp */ = {
			isa = PBXGroup;
			children = (
				86BB93F22C31AFC000D92A7D /* Managers */,
				86AB70B22C2E8AF00030E5C2 /* ServiceLayer */,
				86973D3C2C21A1C500445778 /* Extensions */,
				86973D2F2C21667500445778 /* Resources */,
				86973D2E2C21666500445778 /* Applications */,
				86973D2D2C21665B00445778 /* Screens */,
				864F324B2C19FF96006A62AD /* LaunchScreen.storyboard */,
				864F324E2C19FF96006A62AD /* Info.plist */,
			);
			path = StickerApp;
			sourceTree = "<group>";
		};
		86973D2D2C21665B00445778 /* Screens */ = {
			isa = PBXGroup;
			children = (
				862B97E92C3306960074A09D /* StickerPage */,
				86BB93F52C31B48000D92A7D /* ImageEditor */,
				86F7C3112C2C680800684B5B /* Gif */,
				86C662902C29C1DC00E2F04D /* TextPage */,
				86C775132C240F02003A58F8 /* IntermediatePage */,
				86973D362C2189C600445778 /* EditPage */,
				86973D302C2166E300445778 /* HomePage */,
			);
			path = Screens;
			sourceTree = "<group>";
		};
		86973D2E2C21666500445778 /* Applications */ = {
			isa = PBXGroup;
			children = (
				864F32402C19FF95006A62AD /* AppDelegate.swift */,
				864F32422C19FF95006A62AD /* SceneDelegate.swift */,
			);
			path = Applications;
			sourceTree = "<group>";
		};
		86973D2F2C21667500445778 /* Resources */ = {
			isa = PBXGroup;
			children = (
				864F32492C19FF96006A62AD /* Assets.xcassets */,
			);
			path = Resources;
			sourceTree = "<group>";
		};
		86973D302C2166E300445778 /* HomePage */ = {
			isa = PBXGroup;
			children = (
				86973D312C2166EA00445778 /* View */,
			);
			path = HomePage;
			sourceTree = "<group>";
		};
		86973D312C2166EA00445778 /* View */ = {
			isa = PBXGroup;
			children = (
				86973D322C2166FC00445778 /* HomeViewController.swift */,
				86973D332C2166FC00445778 /* HomeViewController.xib */,
			);
			path = View;
			sourceTree = "<group>";
		};
		86973D362C2189C600445778 /* EditPage */ = {
			isa = PBXGroup;
			children = (
				86973D372C2189D300445778 /* View */,
			);
			path = EditPage;
			sourceTree = "<group>";
		};
		86973D372C2189D300445778 /* View */ = {
			isa = PBXGroup;
			children = (
				86973D382C2189E000445778 /* EditViewController.swift */,
				86973D392C2189E000445778 /* EditViewController.xib */,
			);
			path = View;
			sourceTree = "<group>";
		};
		86973D3C2C21A1C500445778 /* Extensions */ = {
			isa = PBXGroup;
			children = (
				86973D3D2C21A52400445778 /* UIImage+Extensions.swift */,
				86973D402C21A57200445778 /* CGSize+Extensions.swift */,
				865845462C2317EF00AAAA27 /* CIImage+Extensions.swift */,
				8696EAD42C2B434700B4E7C2 /* UILabel+Extensions.swift */,
				86CD4B162C2DF1BB001C4AFD /* Double+Extensions.swift */,
				86EDC8FF2C308F9C00E68835 /* CGPoint+Extensions.swift */,
				862B97EE2C3324EA0074A09D /* UIView+Extensions.swift */,
				86ADC36C2C39378000FF9849 /* UIViewController+Extensions.swift */,
			);
			path = Extensions;
			sourceTree = "<group>";
		};
		86AB70B22C2E8AF00030E5C2 /* ServiceLayer */ = {
			isa = PBXGroup;
			children = (
				86AB70B32C2E8B070030E5C2 /* NetworkManager.swift */,
			);
			path = ServiceLayer;
			sourceTree = "<group>";
		};
		86ADC35F2C390BC600FF9849 /* Brush */ = {
			isa = PBXGroup;
			children = (
				86ADC3602C390BD500FF9849 /* View */,
			);
			path = Brush;
			sourceTree = "<group>";
		};
		86ADC3602C390BD500FF9849 /* View */ = {
			isa = PBXGroup;
			children = (
				86ADC3662C390F9900FF9849 /* NIB */,
				86ADC3622C390BF700FF9849 /* BrushViewController.swift */,
				86ADC3632C390BF700FF9849 /* BrushViewController.xib */,
			);
			path = View;
			sourceTree = "<group>";
		};
		86ADC3612C390BDF00FF9849 /* Model */ = {
			isa = PBXGroup;
			children = (
				86C14DB92C388B8300B506D2 /* PathModel.swift */,
			);
			name = Model;
			sourceTree = "<group>";
		};
		86ADC3662C390F9900FF9849 /* NIB */ = {
			isa = PBXGroup;
			children = (
				86ADC3672C390FB300FF9849 /* BrushCollectionViewCell.swift */,
				86ADC3682C390FB300FF9849 /* BrushCollectionViewCell.xib */,
			);
			path = NIB;
			sourceTree = "<group>";
		};
		86ADC36E2C39482F00FF9849 /* ShapeCrop */ = {
			isa = PBXGroup;
			children = (
				86ADC36F2C39483800FF9849 /* View */,
			);
			path = ShapeCrop;
			sourceTree = "<group>";
		};
		86ADC36F2C39483800FF9849 /* View */ = {
			isa = PBXGroup;
			children = (
				86ADC3702C39484E00FF9849 /* ShapeCropViewController.swift */,
				86ADC3712C39484E00FF9849 /* ShapeCropViewController.xib */,
			);
			path = View;
			sourceTree = "<group>";
		};
		86AFD0FC2C413A0000674A10 /* DocManager */ = {
			isa = PBXGroup;
			children = (
				86AFD0FD2C413A2100674A10 /* ImageSaveRetrieveManager.swift */,
			);
			path = DocManager;
			sourceTree = "<group>";
		};
		86AFD1002C413C8F00674A10 /* CommonModel */ = {
			isa = PBXGroup;
			children = (
				86AFD1012C413C9F00674A10 /* UndoRedoModel.swift */,
			);
			path = CommonModel;
			sourceTree = "<group>";
		};
		86AFD1B92C417A5E00674A10 /* Cropper */ = {
			isa = PBXGroup;
			children = (
				86AFD21D2C41808B00674A10 /* Core */,
				86AFD20F2C41808B00674A10 /* CustomUI */,
				86AFD2022C41808A00674A10 /* HelperExtensions */,
				86AFD20A2C41808B00674A10 /* Overlay */,
				86AFD1FD2C41808A00674A10 /* QCropper.aspectratio.fill@2x.png */,
				86AFD2032C41808A00674A10 /* QCropper.aspectratio.fill@3x.png */,
				86AFD21E2C41808B00674A10 /* QCropper.check.mark@2x.png */,
				86AFD2062C41808B00674A10 /* QCropper.check.mark@3x.png */,
				86AFD2042C41808A00674A10 /* QCropper.flip.horizontal.fill@2x.png */,
				86AFD2202C41808B00674A10 /* QCropper.flip.horizontal.fill@3x.png */,
				86AFD21F2C41808B00674A10 /* QCropper.rotate.right.fill@2x.png */,
				86AFD2052C41808A00674A10 /* QCropper.rotate.right.fill@3x.png */,
			);
			path = Cropper;
			sourceTree = "<group>";
		};
		86AFD2022C41808A00674A10 /* HelperExtensions */ = {
			isa = PBXGroup;
			children = (
				86AFD1FE2C41808A00674A10 /* HelperExtensions.swift */,
				86AFD1FF2C41808A00674A10 /* UIImage+Cropping.swift */,
				86AFD2002C41808A00674A10 /* UIImage+Helper.swift */,
				86AFD2012C41808A00674A10 /* UIView+Helper.swift */,
			);
			name = HelperExtensions;
			path = ../../../../QCropper/QCropper/HelperExtensions;
			sourceTree = "<group>";
		};
		86AFD20A2C41808B00674A10 /* Overlay */ = {
			isa = PBXGroup;
			children = (
				86AFD2072C41808B00674A10 /* CropBox.swift */,
				86AFD2082C41808B00674A10 /* Grid.swift */,
				86AFD2092C41808B00674A10 /* Overlay.swift */,
			);
			name = Overlay;
			path = ../../../../QCropper/QCropper/Overlay;
			sourceTree = "<group>";
		};
		86AFD20F2C41808B00674A10 /* CustomUI */ = {
			isa = PBXGroup;
			children = (
				86AFD20B2C41808B00674A10 /* AngleRuler.swift */,
				86AFD20C2C41808B00674A10 /* AspectRatioPicker.swift */,
				86AFD20D2C41808B00674A10 /* Toolbar.swift */,
				86AFD20E2C41808B00674A10 /* TopBar.swift */,
			);
			path = CustomUI;
			sourceTree = "<group>";
		};
		86AFD2172C41808B00674A10 /* CropperProtocols */ = {
			isa = PBXGroup;
			children = (
				86AFD2102C41808B00674A10 /* AngleAssist.swift */,
				86AFD2112C41808B00674A10 /* AspectRatioSettable.swift */,
				86AFD2122C41808B00674A10 /* CropBoxEdgeDraggable.swift */,
				86AFD2132C41808B00674A10 /* Flipable.swift */,
				86AFD2142C41808B00674A10 /* Rotatable.swift */,
				86AFD2152C41808B00674A10 /* Stasisable.swift */,
				86AFD2162C41808B00674A10 /* StateRestorable.swift */,
			);
			path = CropperProtocols;
			sourceTree = "<group>";
		};
		86AFD21D2C41808B00674A10 /* Core */ = {
			isa = PBXGroup;
			children = (
				86AFD2172C41808B00674A10 /* CropperProtocols */,
				86AFD2182C41808B00674A10 /* AspectRatio.swift */,
				86AFD2192C41808B00674A10 /* Config.swift */,
				86AFD21A2C41808B00674A10 /* CropperState.swift */,
				86AFD21B2C41808B00674A10 /* CropperViewController.swift */,
				86AFD21C2C41808B00674A10 /* ScrollViewContainer.swift */,
			);
			path = Core;
			sourceTree = "<group>";
		};
		86BB93F22C31AFC000D92A7D /* Managers */ = {
			isa = PBXGroup;
			children = (
				86AFD1B92C417A5E00674A10 /* Cropper */,
				86AFD0FC2C413A0000674A10 /* DocManager */,
				86BB93F32C31AFE400D92A7D /* FilterManager.swift */,
			);
			path = Managers;
			sourceTree = "<group>";
		};
		86BB93F52C31B48000D92A7D /* ImageEditor */ = {
			isa = PBXGroup;
			children = (
				86AFD1002C413C8F00674A10 /* CommonModel */,
				86CBCBF52C3C319100805DF2 /* BlurView */,
				86ADC36E2C39482F00FF9849 /* ShapeCrop */,
				86ADC35F2C390BC600FF9849 /* Brush */,
				86C14DB32C38782800B506D2 /* ErasePage */,
				86C14DAA2C3868A800B506D2 /* BgRemovePage */,
				86BB93F62C31B48800D92A7D /* View */,
			);
			path = ImageEditor;
			sourceTree = "<group>";
		};
		86BB93F62C31B48800D92A7D /* View */ = {
			isa = PBXGroup;
			children = (
				86BB93F72C31B4A700D92A7D /* ImageEditViewController.swift */,
				86BB93F82C31B4A700D92A7D /* ImageEditViewController.xib */,
			);
			path = View;
			sourceTree = "<group>";
		};
		86C14DAA2C3868A800B506D2 /* BgRemovePage */ = {
			isa = PBXGroup;
			children = (
				86ADC3612C390BDF00FF9849 /* Model */,
				86C14DB22C38717C00B506D2 /* PersonSegmentation */,
				86C14DAB2C3868C300B506D2 /* View */,
			);
			path = BgRemovePage;
			sourceTree = "<group>";
		};
		86C14DAB2C3868C300B506D2 /* View */ = {
			isa = PBXGroup;
			children = (
				86C14DAC2C3868E200B506D2 /* BGRemoveViewController.swift */,
				86C14DAD2C3868E200B506D2 /* BGRemoveViewController.xib */,
			);
			name = View;
			sourceTree = "<group>";
		};
		86C14DB22C38717C00B506D2 /* PersonSegmentation */ = {
			isa = PBXGroup;
			children = (
				86C14DB02C38717900B506D2 /* AppleBgRemover.swift */,
			);
			name = PersonSegmentation;
			sourceTree = "<group>";
		};
		86C14DB32C38782800B506D2 /* ErasePage */ = {
			isa = PBXGroup;
			children = (
				86C14DB42C38783900B506D2 /* View */,
			);
			path = ErasePage;
			sourceTree = "<group>";
		};
		86C14DB42C38783900B506D2 /* View */ = {
			isa = PBXGroup;
			children = (
				86C14DB52C38784C00B506D2 /* EraseViewController.swift */,
				86C14DB62C38784C00B506D2 /* EraseViewController.xib */,
			);
			path = View;
			sourceTree = "<group>";
		};
		86C662902C29C1DC00E2F04D /* TextPage */ = {
			isa = PBXGroup;
			children = (
				86C662B72C29F09A00E2F04D /* Module */,
				86C662912C29C1E700E2F04D /* View */,
			);
			path = TextPage;
			sourceTree = "<group>";
		};
		86C662912C29C1E700E2F04D /* View */ = {
			isa = PBXGroup;
			children = (
				86C662962C29C6CB00E2F04D /* NIB */,
				86C662922C29C1FC00E2F04D /* TextInputViewController.swift */,
				86C662932C29C1FC00E2F04D /* TextInputViewController.xib */,
			);
			path = View;
			sourceTree = "<group>";
		};
		86C662962C29C6CB00E2F04D /* NIB */ = {
			isa = PBXGroup;
			children = (
				86C662AE2C29DF8C00E2F04D /* anim */,
				86C662A12C29C70C00E2F04D /* textFeature */,
				86C6629C2C29C6F900E2F04D /* font */,
				86C6629B2C29C6EF00E2F04D /* color */,
			);
			path = NIB;
			sourceTree = "<group>";
		};
		86C6629B2C29C6EF00E2F04D /* color */ = {
			isa = PBXGroup;
			children = (
				86C662A62C29C84100E2F04D /* ColorCollectionViewCell.swift */,
				86C662A72C29C84100E2F04D /* ColorCollectionViewCell.xib */,
			);
			path = color;
			sourceTree = "<group>";
		};
		86C6629C2C29C6F900E2F04D /* font */ = {
			isa = PBXGroup;
			children = (
				86C662AA2C29DCD000E2F04D /* FontsCollectionViewCell.swift */,
				86C662AB2C29DCD000E2F04D /* FontsCollectionViewCell.xib */,
			);
			path = font;
			sourceTree = "<group>";
		};
		86C662A12C29C70C00E2F04D /* textFeature */ = {
			isa = PBXGroup;
			children = (
				86C662A22C29C72200E2F04D /* TextFeatureCollectionViewCell.swift */,
				86C662A32C29C72200E2F04D /* TextFeatureCollectionViewCell.xib */,
			);
			path = textFeature;
			sourceTree = "<group>";
		};
		86C662AE2C29DF8C00E2F04D /* anim */ = {
			isa = PBXGroup;
			children = (
				86C662AF2C29DF9900E2F04D /* AnimCollectionViewCell.swift */,
				86C662B02C29DF9900E2F04D /* AnimCollectionViewCell.xib */,
			);
			path = anim;
			sourceTree = "<group>";
		};
		86C662B72C29F09A00E2F04D /* Module */ = {
			isa = PBXGroup;
			children = (
				86C662B82C29F0D500E2F04D /* CustomTextLabel.swift */,
			);
			path = Module;
			sourceTree = "<group>";
		};
		86C775132C240F02003A58F8 /* IntermediatePage */ = {
			isa = PBXGroup;
			children = (
				86C775142C240F28003A58F8 /* View */,
			);
			path = IntermediatePage;
			sourceTree = "<group>";
		};
		86C775142C240F28003A58F8 /* View */ = {
			isa = PBXGroup;
			children = (
				86F7C3192C2C8D2100684B5B /* NIB */,
				86C775192C2410E4003A58F8 /* subview */,
				86C775152C240F3D003A58F8 /* IntermediateViewController.swift */,
				86C775162C240F3D003A58F8 /* IntermediateViewController.xib */,
			);
			path = View;
			sourceTree = "<group>";
		};
		86C775192C2410E4003A58F8 /* subview */ = {
			isa = PBXGroup;
			children = (
				86C7751C2C241210003A58F8 /* ARImageCropper.swift */,
				86C7751A2C241107003A58F8 /* CornerPointView.swift */,
			);
			path = subview;
			sourceTree = "<group>";
		};
		86CBCBF52C3C319100805DF2 /* BlurView */ = {
			isa = PBXGroup;
			children = (
				86CBCBF62C3C31A100805DF2 /* View */,
			);
			path = BlurView;
			sourceTree = "<group>";
		};
		86CBCBF62C3C31A100805DF2 /* View */ = {
			isa = PBXGroup;
			children = (
				86CBCBF72C3C31B000805DF2 /* BlurViewController.swift */,
				86CBCBF82C3C31B000805DF2 /* BlurViewController.xib */,
			);
			path = View;
			sourceTree = "<group>";
		};
		86CD4B1E2C2DFF9A001C4AFD /* Model */ = {
			isa = PBXGroup;
			children = (
				86CD4B192C2DFF9A001C4AFD /* AssetModel.swift */,
				86CD4B1A2C2DFF9A001C4AFD /* Cache.swift */,
				86CD4B1B2C2DFF9A001C4AFD /* ModelStore.swift */,
				86CD4B1C2C2DFF9A001C4AFD /* Query.swift */,
				86CD4B1D2C2DFF9A001C4AFD /* RESTNetworkRequest.swift */,
			);
			path = Model;
			sourceTree = "<group>";
		};
		86CD4B282C2DFFB5001C4AFD /* cell */ = {
			isa = PBXGroup;
			children = (
				86CD4B262C2DFFB5001C4AFD /* GifCollectionViewCell.swift */,
				86CD4B272C2DFFB5001C4AFD /* GifCollectionViewCell.xib */,
			);
			path = cell;
			sourceTree = "<group>";
		};
		86F7C3112C2C680800684B5B /* Gif */ = {
			isa = PBXGroup;
			children = (
				86CD4B1E2C2DFF9A001C4AFD /* Model */,
				86F7C3122C2C681000684B5B /* View */,
			);
			path = Gif;
			sourceTree = "<group>";
		};
		86F7C3122C2C681000684B5B /* View */ = {
			isa = PBXGroup;
			children = (
				86CD4B282C2DFFB5001C4AFD /* cell */,
				86CD4B242C2DFFAD001C4AFD /* SearchAdaptor.swift */,
				86F7C3152C2C683A00684B5B /* GifViewController.swift */,
				86F7C3162C2C683A00684B5B /* GifViewController.xib */,
			);
			path = View;
			sourceTree = "<group>";
		};
		86F7C3192C2C8D2100684B5B /* NIB */ = {
			isa = PBXGroup;
			children = (
				86F7C31A2C2C8E2800684B5B /* frameCollectionViewCell.swift */,
				86F7C31B2C2C8E2800684B5B /* frameCollectionViewCell.xib */,
			);
			path = NIB;
			sourceTree = "<group>";
		};
		8CFB2F9018B2F8428509C9A4 /* Pods */ = {
			isa = PBXGroup;
			children = (
				838C76827727D296B6A94792 /* Pods-StickerApp.debug.xcconfig */,
				1934617C2AFE5701CAD807E7 /* Pods-StickerApp.release.xcconfig */,
			);
			path = Pods;
			sourceTree = "<group>";
		};
/* End PBXGroup section */

/* Begin PBXNativeTarget section */
		864F323C2C19FF95006A62AD /* StickerApp */ = {
			isa = PBXNativeTarget;
			buildConfigurationList = 864F32512C19FF96006A62AD /* Build configuration list for PBXNativeTarget "StickerApp" */;
			buildPhases = (
				CF9EFD162A45364F4382F37E /* [CP] Check Pods Manifest.lock */,
				864F32392C19FF95006A62AD /* Sources */,
				864F323A2C19FF95006A62AD /* Frameworks */,
				864F323B2C19FF95006A62AD /* Resources */,
				1FE332E54032426034ED91B4 /* [CP] Embed Pods Frameworks */,
			);
			buildRules = (
			);
			dependencies = (
			);
			name = StickerApp;
			productName = StickerApp;
			productReference = 864F323D2C19FF95006A62AD /* StickerApp.app */;
			productType = "com.apple.product-type.application";
		};
/* End PBXNativeTarget section */

/* Begin PBXProject section */
		864F32352C19FF95006A62AD /* Project object */ = {
			isa = PBXProject;
			attributes = {
				BuildIndependentTargetsInParallel = 1;
				LastSwiftUpdateCheck = 1530;
				LastUpgradeCheck = 1530;
				TargetAttributes = {
					864F323C2C19FF95006A62AD = {
						CreatedOnToolsVersion = 15.3;
					};
				};
			};
			buildConfigurationList = 864F32382C19FF95006A62AD /* Build configuration list for PBXProject "StickerApp" */;
			compatibilityVersion = "Xcode 14.0";
			developmentRegion = en;
			hasScannedForEncodings = 0;
			knownRegions = (
				en,
				Base,
			);
			mainGroup = 864F32342C19FF95006A62AD;
			productRefGroup = 864F323E2C19FF95006A62AD /* Products */;
			projectDirPath = "";
			projectRoot = "";
			targets = (
				864F323C2C19FF95006A62AD /* StickerApp */,
			);
		};
/* End PBXProject section */

/* Begin PBXResourcesBuildPhase section */
		864F323B2C19FF95006A62AD /* Resources */ = {
			isa = PBXResourcesBuildPhase;
			buildActionMask = 2147483647;
			files = (
				86AFD23E2C41808B00674A10 /* QCropper.rotate.right.fill@2x.png in Resources */,
				86973D3A2C2189E000445778 /* EditViewController.xib in Resources */,
				86C14DAE2C3868E200B506D2 /* BGRemoveViewController.xib in Resources */,
				86AFD2282C41808B00674A10 /* QCropper.rotate.right.fill@3x.png in Resources */,
				86C662A92C29C84100E2F04D /* ColorCollectionViewCell.xib in Resources */,
				86AFD2272C41808B00674A10 /* QCropper.flip.horizontal.fill@2x.png in Resources */,
				86F7C31D2C2C8E2800684B5B /* frameCollectionViewCell.xib in Resources */,
				86ADC3732C39484E00FF9849 /* ShapeCropViewController.xib in Resources */,
				86AFD23F2C41808B00674A10 /* QCropper.flip.horizontal.fill@3x.png in Resources */,
				86AFD2262C41808B00674A10 /* QCropper.aspectratio.fill@3x.png in Resources */,
				86ADC36A2C390FB300FF9849 /* BrushCollectionViewCell.xib in Resources */,
				86C662AD2C29DCD000E2F04D /* FontsCollectionViewCell.xib in Resources */,
				86BB93F92C31B4A700D92A7D /* ImageEditViewController.xib in Resources */,
				86CD4B2A2C2DFFB5001C4AFD /* GifCollectionViewCell.xib in Resources */,
				86ADC3652C390BF800FF9849 /* BrushViewController.xib in Resources */,
				86C775182C240F3D003A58F8 /* IntermediateViewController.xib in Resources */,
				86C662952C29C1FC00E2F04D /* TextInputViewController.xib in Resources */,
				862B97EC2C3306B10074A09D /* StickersViewController.xib in Resources */,
				864F324A2C19FF96006A62AD /* Assets.xcassets in Resources */,
				86AFD2212C41808B00674A10 /* QCropper.aspectratio.fill@2x.png in Resources */,
				864F324D2C19FF96006A62AD /* Base in Resources */,
				86973D342C2166FC00445778 /* HomeViewController.xib in Resources */,
				86CBCBF92C3C31B000805DF2 /* BlurViewController.xib in Resources */,
				86AFD23D2C41808B00674A10 /* QCropper.check.mark@2x.png in Resources */,
				86C14DB72C38784C00B506D2 /* EraseViewController.xib in Resources */,
				86F7C3182C2C683A00684B5B /* GifViewController.xib in Resources */,
				86C662A52C29C72200E2F04D /* TextFeatureCollectionViewCell.xib in Resources */,
				86C662B22C29DF9900E2F04D /* AnimCollectionViewCell.xib in Resources */,
				86AFD2292C41808B00674A10 /* QCropper.check.mark@3x.png in Resources */,
			);
			runOnlyForDeploymentPostprocessing = 0;
		};
/* End PBXResourcesBuildPhase section */

/* Begin PBXShellScriptBuildPhase section */
		1FE332E54032426034ED91B4 /* [CP] Embed Pods Frameworks */ = {
			isa = PBXShellScriptBuildPhase;
			buildActionMask = 2147483647;
			files = (
			);
			inputFileListPaths = (
				"${PODS_ROOT}/Target Support Files/Pods-StickerApp/Pods-StickerApp-frameworks-${CONFIGURATION}-input-files.xcfilelist",
			);
			name = "[CP] Embed Pods Frameworks";
			outputFileListPaths = (
				"${PODS_ROOT}/Target Support Files/Pods-StickerApp/Pods-StickerApp-frameworks-${CONFIGURATION}-output-files.xcfilelist",
			);
			runOnlyForDeploymentPostprocessing = 0;
			shellPath = /bin/sh;
			shellScript = "\"${PODS_ROOT}/Target Support Files/Pods-StickerApp/Pods-StickerApp-frameworks.sh\"\n";
			showEnvVarsInLog = 0;
		};
		CF9EFD162A45364F4382F37E /* [CP] Check Pods Manifest.lock */ = {
			isa = PBXShellScriptBuildPhase;
			buildActionMask = 2147483647;
			files = (
			);
			inputFileListPaths = (
			);
			inputPaths = (
				"${PODS_PODFILE_DIR_PATH}/Podfile.lock",
				"${PODS_ROOT}/Manifest.lock",
			);
			name = "[CP] Check Pods Manifest.lock";
			outputFileListPaths = (
			);
			outputPaths = (
				"$(DERIVED_FILE_DIR)/Pods-StickerApp-checkManifestLockResult.txt",
			);
			runOnlyForDeploymentPostprocessing = 0;
			shellPath = /bin/sh;
			shellScript = "diff \"${PODS_PODFILE_DIR_PATH}/Podfile.lock\" \"${PODS_ROOT}/Manifest.lock\" > /dev/null\nif [ $? != 0 ] ; then\n    # print error to STDERR\n    echo \"error: The sandbox is not in sync with the Podfile.lock. Run 'pod install' or update your CocoaPods installation.\" >&2\n    exit 1\nfi\n# This output is used by Xcode 'outputs' to avoid re-running this script phase.\necho \"SUCCESS\" > \"${SCRIPT_OUTPUT_FILE_0}\"\n";
			showEnvVarsInLog = 0;
		};
/* End PBXShellScriptBuildPhase section */

/* Begin PBXSourcesBuildPhase section */
		864F32392C19FF95006A62AD /* Sources */ = {
			isa = PBXSourcesBuildPhase;
			buildActionMask = 2147483647;
			files = (
				86AFD22E2C41808B00674A10 /* AspectRatioPicker.swift in Sources */,
				86C662B92C29F0D500E2F04D /* CustomTextLabel.swift in Sources */,
				86C662AC2C29DCD000E2F04D /* FontsCollectionViewCell.swift in Sources */,
				8696EAD52C2B434700B4E7C2 /* UILabel+Extensions.swift in Sources */,
				86AFD23B2C41808B00674A10 /* CropperViewController.swift in Sources */,
				86973D3B2C2189E000445778 /* EditViewController.swift in Sources */,
				86CD4B222C2DFF9A001C4AFD /* Query.swift in Sources */,
				86AFD2372C41808B00674A10 /* StateRestorable.swift in Sources */,
				86AFD2232C41808B00674A10 /* UIImage+Cropping.swift in Sources */,
				86ADC3642C390BF800FF9849 /* BrushViewController.swift in Sources */,
				86BB93F42C31AFE400D92A7D /* FilterManager.swift in Sources */,
				86CBCBFA2C3C31B000805DF2 /* BlurViewController.swift in Sources */,
				86AFD22A2C41808B00674A10 /* CropBox.swift in Sources */,
				86CD4B252C2DFFAD001C4AFD /* SearchAdaptor.swift in Sources */,
				86CD4B202C2DFF9A001C4AFD /* Cache.swift in Sources */,
				86C14DB12C38717900B506D2 /* AppleBgRemover.swift in Sources */,
				86CD4B172C2DF1BB001C4AFD /* Double+Extensions.swift in Sources */,
				86AFD2362C41808B00674A10 /* Stasisable.swift in Sources */,
				86F7C31C2C2C8E2800684B5B /* frameCollectionViewCell.swift in Sources */,
				86AFD2352C41808B00674A10 /* Rotatable.swift in Sources */,
				86ADC36D2C39378000FF9849 /* UIViewController+Extensions.swift in Sources */,
				86AFD22C2C41808B00674A10 /* Overlay.swift in Sources */,
				86CD4B292C2DFFB5001C4AFD /* GifCollectionViewCell.swift in Sources */,
				86AFD1022C413C9F00674A10 /* UndoRedoModel.swift in Sources */,
				864F32412C19FF95006A62AD /* AppDelegate.swift in Sources */,
				86C662942C29C1FC00E2F04D /* TextInputViewController.swift in Sources */,
				86AFD2242C41808B00674A10 /* UIImage+Helper.swift in Sources */,
				86AFD23C2C41808B00674A10 /* ScrollViewContainer.swift in Sources */,
				86BB93FA2C31B4A700D92A7D /* ImageEditViewController.swift in Sources */,
				86AFD0FE2C413A2100674A10 /* ImageSaveRetrieveManager.swift in Sources */,
				86CD4B232C2DFF9A001C4AFD /* RESTNetworkRequest.swift in Sources */,
				86AFD2312C41808B00674A10 /* AngleAssist.swift in Sources */,
				86AFD2322C41808B00674A10 /* AspectRatioSettable.swift in Sources */,
				86C14DAF2C3868E200B506D2 /* BGRemoveViewController.swift in Sources */,
				86C775172C240F3D003A58F8 /* IntermediateViewController.swift in Sources */,
				86F7C3172C2C683A00684B5B /* GifViewController.swift in Sources */,
				86C14DB82C38784C00B506D2 /* EraseViewController.swift in Sources */,
				86C14DBA2C388B8300B506D2 /* PathModel.swift in Sources */,
				86973D3E2C21A52400445778 /* UIImage+Extensions.swift in Sources */,
				86C7751D2C241210003A58F8 /* ARImageCropper.swift in Sources */,
				864F32432C19FF95006A62AD /* SceneDelegate.swift in Sources */,
				86C662A82C29C84100E2F04D /* ColorCollectionViewCell.swift in Sources */,
				862B97EF2C3324EA0074A09D /* UIView+Extensions.swift in Sources */,
				86AFD2332C41808B00674A10 /* CropBoxEdgeDraggable.swift in Sources */,
				86CD4B212C2DFF9A001C4AFD /* ModelStore.swift in Sources */,
				86AFD2302C41808B00674A10 /* TopBar.swift in Sources */,
				86AFD2342C41808B00674A10 /* Flipable.swift in Sources */,
				86AFD2252C41808B00674A10 /* UIView+Helper.swift in Sources */,
				86C7751B2C241107003A58F8 /* CornerPointView.swift in Sources */,
				86C662A42C29C72200E2F04D /* TextFeatureCollectionViewCell.swift in Sources */,
				86973D412C21A57200445778 /* CGSize+Extensions.swift in Sources */,
				86EDC9002C308F9C00E68835 /* CGPoint+Extensions.swift in Sources */,
				86ADC3722C39484E00FF9849 /* ShapeCropViewController.swift in Sources */,
				86AFD2222C41808B00674A10 /* HelperExtensions.swift in Sources */,
				86C662B12C29DF9900E2F04D /* AnimCollectionViewCell.swift in Sources */,
				86AFD22F2C41808B00674A10 /* Toolbar.swift in Sources */,
				86AFD22D2C41808B00674A10 /* AngleRuler.swift in Sources */,
				86AFD22B2C41808B00674A10 /* Grid.swift in Sources */,
				86AB70B42C2E8B070030E5C2 /* NetworkManager.swift in Sources */,
				86ADC3692C390FB300FF9849 /* BrushCollectionViewCell.swift in Sources */,
				865845472C2317EF00AAAA27 /* CIImage+Extensions.swift in Sources */,
				86AFD2382C41808B00674A10 /* AspectRatio.swift in Sources */,
				86CD4B1F2C2DFF9A001C4AFD /* AssetModel.swift in Sources */,
				86AFD2392C41808B00674A10 /* Config.swift in Sources */,
				862B97ED2C3306B10074A09D /* StickersViewController.swift in Sources */,
				86973D352C2166FC00445778 /* HomeViewController.swift in Sources */,
				86AFD23A2C41808B00674A10 /* CropperState.swift in Sources */,
			);
			runOnlyForDeploymentPostprocessing = 0;
		};
/* End PBXSourcesBuildPhase section */

/* Begin PBXVariantGroup section */
		864F324B2C19FF96006A62AD /* LaunchScreen.storyboard */ = {
			isa = PBXVariantGroup;
			children = (
				864F324C2C19FF96006A62AD /* Base */,
			);
			name = LaunchScreen.storyboard;
			sourceTree = "<group>";
		};
/* End PBXVariantGroup section */

/* Begin XCBuildConfiguration section */
		864F324F2C19FF96006A62AD /* Debug */ = {
			isa = XCBuildConfiguration;
			buildSettings = {
				ALWAYS_SEARCH_USER_PATHS = NO;
				ASSETCATALOG_COMPILER_GENERATE_SWIFT_ASSET_SYMBOL_EXTENSIONS = YES;
				CLANG_ANALYZER_NONNULL = YES;
				CLANG_ANALYZER_NUMBER_OBJECT_CONVERSION = YES_AGGRESSIVE;
				CLANG_CXX_LANGUAGE_STANDARD = "gnu++20";
				CLANG_ENABLE_MODULES = YES;
				CLANG_ENABLE_OBJC_ARC = YES;
				CLANG_ENABLE_OBJC_WEAK = YES;
				CLANG_WARN_BLOCK_CAPTURE_AUTORELEASING = YES;
				CLANG_WARN_BOOL_CONVERSION = YES;
				CLANG_WARN_COMMA = YES;
				CLANG_WARN_CONSTANT_CONVERSION = YES;
				CLANG_WARN_DEPRECATED_OBJC_IMPLEMENTATIONS = YES;
				CLANG_WARN_DIRECT_OBJC_ISA_USAGE = YES_ERROR;
				CLANG_WARN_DOCUMENTATION_COMMENTS = YES;
				CLANG_WARN_EMPTY_BODY = YES;
				CLANG_WARN_ENUM_CONVERSION = YES;
				CLANG_WARN_INFINITE_RECURSION = YES;
				CLANG_WARN_INT_CONVERSION = YES;
				CLANG_WARN_NON_LITERAL_NULL_CONVERSION = YES;
				CLANG_WARN_OBJC_IMPLICIT_RETAIN_SELF = YES;
				CLANG_WARN_OBJC_LITERAL_CONVERSION = YES;
				CLANG_WARN_OBJC_ROOT_CLASS = YES_ERROR;
				CLANG_WARN_QUOTED_INCLUDE_IN_FRAMEWORK_HEADER = YES;
				CLANG_WARN_RANGE_LOOP_ANALYSIS = YES;
				CLANG_WARN_STRICT_PROTOTYPES = YES;
				CLANG_WARN_SUSPICIOUS_MOVE = YES;
				CLANG_WARN_UNGUARDED_AVAILABILITY = YES_AGGRESSIVE;
				CLANG_WARN_UNREACHABLE_CODE = YES;
				CLANG_WARN__DUPLICATE_METHOD_MATCH = YES;
				COPY_PHASE_STRIP = NO;
				DEBUG_INFORMATION_FORMAT = dwarf;
				ENABLE_STRICT_OBJC_MSGSEND = YES;
				ENABLE_TESTABILITY = YES;
				ENABLE_USER_SCRIPT_SANDBOXING = YES;
				GCC_C_LANGUAGE_STANDARD = gnu17;
				GCC_DYNAMIC_NO_PIC = NO;
				GCC_NO_COMMON_BLOCKS = YES;
				GCC_OPTIMIZATION_LEVEL = 0;
				GCC_PREPROCESSOR_DEFINITIONS = (
					"DEBUG=1",
					"$(inherited)",
				);
				GCC_WARN_64_TO_32_BIT_CONVERSION = YES;
				GCC_WARN_ABOUT_RETURN_TYPE = YES_ERROR;
				GCC_WARN_UNDECLARED_SELECTOR = YES;
				GCC_WARN_UNINITIALIZED_AUTOS = YES_AGGRESSIVE;
				GCC_WARN_UNUSED_FUNCTION = YES;
				GCC_WARN_UNUSED_VARIABLE = YES;
				IPHONEOS_DEPLOYMENT_TARGET = 17.4;
				LOCALIZATION_PREFERS_STRING_CATALOGS = YES;
				MTL_ENABLE_DEBUG_INFO = INCLUDE_SOURCE;
				MTL_FAST_MATH = YES;
				ONLY_ACTIVE_ARCH = YES;
				SDKROOT = iphoneos;
				SWIFT_ACTIVE_COMPILATION_CONDITIONS = "DEBUG $(inherited)";
				SWIFT_OPTIMIZATION_LEVEL = "-Onone";
			};
			name = Debug;
		};
		864F32502C19FF96006A62AD /* Release */ = {
			isa = XCBuildConfiguration;
			buildSettings = {
				ALWAYS_SEARCH_USER_PATHS = NO;
				ASSETCATALOG_COMPILER_GENERATE_SWIFT_ASSET_SYMBOL_EXTENSIONS = YES;
				CLANG_ANALYZER_NONNULL = YES;
				CLANG_ANALYZER_NUMBER_OBJECT_CONVERSION = YES_AGGRESSIVE;
				CLANG_CXX_LANGUAGE_STANDARD = "gnu++20";
				CLANG_ENABLE_MODULES = YES;
				CLANG_ENABLE_OBJC_ARC = YES;
				CLANG_ENABLE_OBJC_WEAK = YES;
				CLANG_WARN_BLOCK_CAPTURE_AUTORELEASING = YES;
				CLANG_WARN_BOOL_CONVERSION = YES;
				CLANG_WARN_COMMA = YES;
				CLANG_WARN_CONSTANT_CONVERSION = YES;
				CLANG_WARN_DEPRECATED_OBJC_IMPLEMENTATIONS = YES;
				CLANG_WARN_DIRECT_OBJC_ISA_USAGE = YES_ERROR;
				CLANG_WARN_DOCUMENTATION_COMMENTS = YES;
				CLANG_WARN_EMPTY_BODY = YES;
				CLANG_WARN_ENUM_CONVERSION = YES;
				CLANG_WARN_INFINITE_RECURSION = YES;
				CLANG_WARN_INT_CONVERSION = YES;
				CLANG_WARN_NON_LITERAL_NULL_CONVERSION = YES;
				CLANG_WARN_OBJC_IMPLICIT_RETAIN_SELF = YES;
				CLANG_WARN_OBJC_LITERAL_CONVERSION = YES;
				CLANG_WARN_OBJC_ROOT_CLASS = YES_ERROR;
				CLANG_WARN_QUOTED_INCLUDE_IN_FRAMEWORK_HEADER = YES;
				CLANG_WARN_RANGE_LOOP_ANALYSIS = YES;
				CLANG_WARN_STRICT_PROTOTYPES = YES;
				CLANG_WARN_SUSPICIOUS_MOVE = YES;
				CLANG_WARN_UNGUARDED_AVAILABILITY = YES_AGGRESSIVE;
				CLANG_WARN_UNREACHABLE_CODE = YES;
				CLANG_WARN__DUPLICATE_METHOD_MATCH = YES;
				COPY_PHASE_STRIP = NO;
				DEBUG_INFORMATION_FORMAT = "dwarf-with-dsym";
				ENABLE_NS_ASSERTIONS = NO;
				ENABLE_STRICT_OBJC_MSGSEND = YES;
				ENABLE_USER_SCRIPT_SANDBOXING = YES;
				GCC_C_LANGUAGE_STANDARD = gnu17;
				GCC_NO_COMMON_BLOCKS = YES;
				GCC_WARN_64_TO_32_BIT_CONVERSION = YES;
				GCC_WARN_ABOUT_RETURN_TYPE = YES_ERROR;
				GCC_WARN_UNDECLARED_SELECTOR = YES;
				GCC_WARN_UNINITIALIZED_AUTOS = YES_AGGRESSIVE;
				GCC_WARN_UNUSED_FUNCTION = YES;
				GCC_WARN_UNUSED_VARIABLE = YES;
				IPHONEOS_DEPLOYMENT_TARGET = 17.4;
				LOCALIZATION_PREFERS_STRING_CATALOGS = YES;
				MTL_ENABLE_DEBUG_INFO = NO;
				MTL_FAST_MATH = YES;
				SDKROOT = iphoneos;
				SWIFT_COMPILATION_MODE = wholemodule;
				VALIDATE_PRODUCT = YES;
			};
			name = Release;
		};
		864F32522C19FF96006A62AD /* Debug */ = {
			isa = XCBuildConfiguration;
			baseConfigurationReference = 838C76827727D296B6A94792 /* Pods-StickerApp.debug.xcconfig */;
			buildSettings = {
				ASSETCATALOG_COMPILER_APPICON_NAME = AppIcon;
				ASSETCATALOG_COMPILER_GLOBAL_ACCENT_COLOR_NAME = AccentColor;
				CODE_SIGN_STYLE = Automatic;
				CURRENT_PROJECT_VERSION = 1;
				DEVELOPMENT_TEAM = G48HXH29LD;
				ENABLE_USER_SCRIPT_SANDBOXING = NO;
				GENERATE_INFOPLIST_FILE = YES;
				INFOPLIST_FILE = StickerApp/Info.plist;
				INFOPLIST_KEY_UIApplicationSupportsIndirectInputEvents = YES;
				INFOPLIST_KEY_UILaunchStoryboardName = LaunchScreen;
				INFOPLIST_KEY_UISupportedInterfaceOrientations_iPad = "UIInterfaceOrientationPortrait UIInterfaceOrientationPortraitUpsideDown UIInterfaceOrientationLandscapeLeft UIInterfaceOrientationLandscapeRight";
				INFOPLIST_KEY_UISupportedInterfaceOrientations_iPhone = "UIInterfaceOrientationPortrait UIInterfaceOrientationLandscapeLeft UIInterfaceOrientationLandscapeRight";
				IPHONEOS_DEPLOYMENT_TARGET = 15.0;
				LD_RUNPATH_SEARCH_PATHS = (
					"$(inherited)",
					"@executable_path/Frameworks",
				);
				MARKETING_VERSION = 1.0;
				PRODUCT_BUNDLE_IDENTIFIER = com.mubin.StickerApp;
				PRODUCT_NAME = "$(TARGET_NAME)";
				SWIFT_EMIT_LOC_STRINGS = YES;
				SWIFT_VERSION = 5.0;
				TARGETED_DEVICE_FAMILY = "1,2";
			};
			name = Debug;
		};
		864F32532C19FF96006A62AD /* Release */ = {
			isa = XCBuildConfiguration;
			baseConfigurationReference = 1934617C2AFE5701CAD807E7 /* Pods-StickerApp.release.xcconfig */;
			buildSettings = {
				ASSETCATALOG_COMPILER_APPICON_NAME = AppIcon;
				ASSETCATALOG_COMPILER_GLOBAL_ACCENT_COLOR_NAME = AccentColor;
				CODE_SIGN_STYLE = Automatic;
				CURRENT_PROJECT_VERSION = 1;
				DEVELOPMENT_TEAM = G48HXH29LD;
				ENABLE_USER_SCRIPT_SANDBOXING = NO;
				GENERATE_INFOPLIST_FILE = YES;
				INFOPLIST_FILE = StickerApp/Info.plist;
				INFOPLIST_KEY_UIApplicationSupportsIndirectInputEvents = YES;
				INFOPLIST_KEY_UILaunchStoryboardName = LaunchScreen;
				INFOPLIST_KEY_UISupportedInterfaceOrientations_iPad = "UIInterfaceOrientationPortrait UIInterfaceOrientationPortraitUpsideDown UIInterfaceOrientationLandscapeLeft UIInterfaceOrientationLandscapeRight";
				INFOPLIST_KEY_UISupportedInterfaceOrientations_iPhone = "UIInterfaceOrientationPortrait UIInterfaceOrientationLandscapeLeft UIInterfaceOrientationLandscapeRight";
				IPHONEOS_DEPLOYMENT_TARGET = 15.0;
				LD_RUNPATH_SEARCH_PATHS = (
					"$(inherited)",
					"@executable_path/Frameworks",
				);
				MARKETING_VERSION = 1.0;
				PRODUCT_BUNDLE_IDENTIFIER = com.mubin.StickerApp;
				PRODUCT_NAME = "$(TARGET_NAME)";
				SWIFT_EMIT_LOC_STRINGS = YES;
				SWIFT_VERSION = 5.0;
				TARGETED_DEVICE_FAMILY = "1,2";
			};
			name = Release;
		};
/* End XCBuildConfiguration section */

/* Begin XCConfigurationList section */
		864F32382C19FF95006A62AD /* Build configuration list for PBXProject "StickerApp" */ = {
			isa = XCConfigurationList;
			buildConfigurations = (
				864F324F2C19FF96006A62AD /* Debug */,
				864F32502C19FF96006A62AD /* Release */,
			);
			defaultConfigurationIsVisible = 0;
			defaultConfigurationName = Release;
		};
		864F32512C19FF96006A62AD /* Build configuration list for PBXNativeTarget "StickerApp" */ = {
			isa = XCConfigurationList;
			buildConfigurations = (
				864F32522C19FF96006A62AD /* Debug */,
				864F32532C19FF96006A62AD /* Release */,
			);
			defaultConfigurationIsVisible = 0;
			defaultConfigurationName = Release;
		};
/* End XCConfigurationList section */
	};
	rootObject = 864F32352C19FF95006A62AD /* Project object */;
}
